
Microsoft Visual Studio Solution File, Format Version 12.00
# Visual Studio Version 17
VisualStudioVersion = 17.14.37502.11 d17.14
MinimumVisualStudioVersion = 10.0.40219.1
Project("{FAE04EC0-301F-11D3-BF4B-00C04F79EFBC}") = "GerenciadorNotas", "GerenciadorNotas.csproj", "{B5A41640-E7CC-4E68-BD83-921BC14AB958}"
EndProject
Global
	GlobalSection(SolutionConfigurationPlatforms) = preSolution
		Debug|Any CPU = Debug|Any CPU
		Release|Any CPU = Release|Any CPU
	EndGlobalSection
	GlobalSection(ProjectConfigurationPlatforms) = postSolution
		{B5A41640-E7CC-4E68-BD83-921BC14AB958}.Debug|Any CPU.ActiveCfg = Debug|Any CPU
		{B5A41640-E7CC-4E68-BD83-921BC14AB958}.Debug|Any CPU.Build.0 = Debug|Any CPU
		{B5A41640-E7CC-4E68-BD83-921BC14AB958}.Release|Any CPU.ActiveCfg = Release|Any CPU
		{B5A41640-E7CC-4E68-BD83-921BC14AB958}.Release|Any CPU.Build.0 = Release|Any CPU
	EndGlobalSection
	GlobalSection(SolutionProperties) = preSolution
		HideSolutionNode = FALSE
	EndGlobalSection
	GlobalSection(ExtensibilityGlobals) = postSolution
		SolutionGuid = {9C96A6A4-2F1A-40C6-BF19-3B19DFD3ED61}
	EndGlobalSection
EndGlobal
